
Microsoft Visual Studio Solution File, Format Version 12.00
# Visual Studio Version 17
VisualStudioVersion = 17.10.35004.147
MinimumVisualStudioVersion = 10.0.40219.1
Project("{FAE04EC0-301F-11D3-BF4B-00C04F79EFBC}") = "ObjectsRecognition", "ObjectsRecognition.csproj", "{AF12B716-1E3E-4436-934D-146B4B985D74}"
EndProject
Global
	GlobalSection(SolutionConfigurationPlatforms) = preSolution
		Debug|Any CPU = Debug|Any CPU
		Release|Any CPU = Release|Any CPU
	EndGlobalSection
	GlobalSection(ProjectConfigurationPlatforms) = postSolution
		{AF12B716-1E3E-4436-934D-146B4B985D74}.Debug|Any CPU.ActiveCfg = Debug|Any CPU
		{AF12B716-1E3E-4436-934D-146B4B985D74}.Debug|Any CPU.Build.0 = Debug|Any CPU
		{AF12B716-1E3E-4436-934D-146B4B985D74}.Release|Any CPU.ActiveCfg = Release|Any CPU
		{AF12B716-1E3E-4436-934D-146B4B985D74}.Release|Any CPU.Build.0 = Release|Any CPU
	EndGlobalSection
	GlobalSection(SolutionProperties) = preSolution
		HideSolutionNode = FALSE
	EndGlobalSection
	GlobalSection(ExtensibilityGlobals) = postSolution
		SolutionGuid = {6132390B-629F-433B-A2CE-38F96944CA2B}
	EndGlobalSection
EndGlobal
